
Microsoft Visual Studio Solution File, Format Version 12.00
# Visual Studio Version 16
VisualStudioVersion = 16.0.31729.503
MinimumVisualStudioVersion = 10.0.40219.1
Project("{8BC9CEB8-8B4A-11D0-8D11-00A0C91BC942}") = "Anshar", "Anshar\Anshar.vcxproj", "{8B1DD74E-9BEF-4F75-A203-385DE32A1750}"
EndProject
Project("{8BC9CEB8-8B4A-11D0-8D11-00A0C91BC942}") = "Sandbox", "Sandbox\Sandbox.vcxproj", "{D30318B1-8169-4423-BB52-95D2F1A04813}"
EndProject
Global
	GlobalSection(SolutionConfigurationPlatforms) = preSolution
		Debug|x64 = Debug|x64
		Release|x64 = Release|x64
	EndGlobalSection
	GlobalSection(ProjectConfigurationPlatforms) = postSolution
		{8B1DD74E-9BEF-4F75-A203-385DE32A1750}.Debug|x64.ActiveCfg = Release|x64
		{8B1DD74E-9BEF-4F75-A203-385DE32A1750}.Debug|x64.Build.0 = Release|x64
		{8B1DD74E-9BEF-4F75-A203-385DE32A1750}.Release|x64.ActiveCfg = Release|x64
		{8B1DD74E-9BEF-4F75-A203-385DE32A1750}.Release|x64.Build.0 = Release|x64
		{D30318B1-8169-4423-BB52-95D2F1A04813}.Debug|x64.ActiveCfg = Debug|x64
		{D30318B1-8169-4423-BB52-95D2F1A04813}.Debug|x64.Build.0 = Debug|x64
		{D30318B1-8169-4423-BB52-95D2F1A04813}.Release|x64.ActiveCfg = Release|x64
		{D30318B1-8169-4423-BB52-95D2F1A04813}.Release|x64.Build.0 = Release|x64
	EndGlobalSection
	GlobalSection(SolutionProperties) = preSolution
		HideSolutionNode = FALSE
	EndGlobalSection
	GlobalSection(ExtensibilityGlobals) = postSolution
		SolutionGuid = {97B309D7-D973-414A-8C20-0BBF3E0CBC6D}
	EndGlobalSection
EndGlobal
